
Microsoft Visual Studio Solution File, Format Version 12.00
# Visual Studio 2013
VisualStudioVersion = 12.0.31101.0
MinimumVisualStudioVersion = 10.0.40219.1
Project("{2150E333-8FDC-42A3-9474-1A3956D46DE8}") = "3. AccesoDatos", "3. AccesoDatos", "{181A509A-28BA-471C-B2AA-89525D69A262}"
EndProject
Project("{2150E333-8FDC-42A3-9474-1A3956D46DE8}") = "2. Negocio", "2. Negocio", "{273DBC95-8504-429A-A900-9A5679CFF9A3}"
EndProject
Project("{FAE04EC0-301F-11D3-BF4B-00C04F79EFBC}") = "ME.Libros.Dominio", "ME.Libros.Dominio\ME.Libros.Dominio.csproj", "{3A1864D6-3874-4357-A8B6-E8DCB660A70C}"
EndProject
Project("{FAE04EC0-301F-11D3-BF4B-00C04F79EFBC}") = "ME.Libros.EF", "ME.Libros.EF\ME.Libros.EF.csproj", "{B156EC49-3D61-4F47-A657-25029DC7B99D}"
EndProject
Project("{FAE04EC0-301F-11D3-BF4B-00C04F79EFBC}") = "ME.Libros.Logging", "ME.Libros.Transversal\ME.Libros.Logging.csproj", "{065387BA-D124-4CF2-929C-471C41B6EECF}"
EndProject
Project("{FAE04EC0-301F-11D3-BF4B-00C04F79EFBC}") = "ME.Libros.Servicios", "ME.Libros.Servicios\ME.Libros.Servicios.csproj", "{9C444727-01EF-4C61-BEC2-C043B895575A}"
EndProject
Project("{FAE04EC0-301F-11D3-BF4B-00C04F79EFBC}") = "ME.Libros.Repositorios", "ME.Libros.Repositorio\ME.Libros.Repositorios.csproj", "{7128460F-C8FB-45E5-9CC5-D8286CCE5B0C}"
EndProject
Project("{2150E333-8FDC-42A3-9474-1A3956D46DE8}") = ".nuget", ".nuget", "{6946C45F-8360-4A84-A247-3AFC7F0824E9}"
	ProjectSection(SolutionItems) = preProject
		.nuget\NuGet.Config = .nuget\NuGet.Config
		.nuget\NuGet.exe = .nuget\NuGet.exe
		.nuget\NuGet.targets = .nuget\NuGet.targets
	EndProjectSection
EndProject
Project("{FAE04EC0-301F-11D3-BF4B-00C04F79EFBC}") = "ME.Libros.Web", "ME.Libros.Web\ME.Libros.Web.csproj", "{18494D8C-27A1-4CB7-AFC8-12C370055AEC}"
EndProject
Project("{2150E333-8FDC-42A3-9474-1A3956D46DE8}") = "4. Transversal", "4. Transversal", "{622B6F29-78D0-4197-98E6-AFC214DD141D}"
EndProject
Project("{FAE04EC0-301F-11D3-BF4B-00C04F79EFBC}") = "ME.Libros.Api", "ME.Libros.Api\ME.Libros.Api.csproj", "{6C059E7E-EDD1-4DB4-A8C8-33C08245DEB8}"
EndProject
Project("{2150E333-8FDC-42A3-9474-1A3956D46DE8}") = "1. Presentacion", "1. Presentacion", "{F4E42404-B3A2-4B62-94AF-3F2F89F2F112}"
EndProject
Project("{FAE04EC0-301F-11D3-BF4B-00C04F79EFBC}") = "ME.Libros.Utils", "ME.Libros.Utils\ME.Libros.Utils.csproj", "{33B1E5B9-B525-4A06-8907-D3E1543CA2F4}"
EndProject
Project("{FAE04EC0-301F-11D3-BF4B-00C04F79EFBC}") = "ME.Libros.Consola", "ME.Libros.Consola\ME.Libros.Consola.csproj", "{784DECD8-8B6A-4A02-A2B1-A16A9B94E0F0}"
EndProject
Project("{FAE04EC0-301F-11D3-BF4B-00C04F79EFBC}") = "ME.Libros.Servicios.Test", "ME.Libros.Servicios.Test\ME.Libros.Servicios.Test.csproj", "{C85FAF6C-20A3-4B13-9499-F23F3A918776}"
EndProject
Project("{00D1A9C2-B5F0-4AF3-8072-F6C62B433612}") = "ME.Libros.Database", "ME.Libros.Database\ME.Libros.Database.sqlproj", "{BB428651-2692-4517-8717-58894B7FF04A}"
EndProject
Project("{FAE04EC0-301F-11D3-BF4B-00C04F79EFBC}") = "ME.Libros.DTO", "ME.Libros.DTO\ME.Libros.DTO.csproj", "{0E5874D6-F308-4659-A057-7DDBA4003B22}"
EndProject
Project("{2150E333-8FDC-42A3-9474-1A3956D46DE8}") = "Deployment", "Deployment", "{5AC3FB15-1535-4401-A282-1D7B5F200840}"
	ProjectSection(SolutionItems) = preProject
		Eula.rtf = Eula.rtf
	EndProjectSection
EndProject
Project("{6141683F-8A12-4E36-9623-2EB02B2C2303}") = "ME.Libros.Web.Setup", "ME.Libros.Web.Setup\ME.Libros.Web.Setup.isproj", "{03CC1231-AC74-484A-9864-89985A8C533A}"
	ProjectSection(ProjectDependencies) = postProject
		{18494D8C-27A1-4CB7-AFC8-12C370055AEC} = {18494D8C-27A1-4CB7-AFC8-12C370055AEC}
	EndProjectSection
EndProject
Project("{2150E333-8FDC-42A3-9474-1A3956D46DE8}") = "Solution Items", "Solution Items", "{1F2CA763-3E17-4957-A1D6-397891AB7119}"
	ProjectSection(SolutionItems) = preProject
		..\README.md = ..\README.md
	EndProjectSection
EndProject
Global
	GlobalSection(SolutionConfigurationPlatforms) = preSolution
		CD_ROM|Any CPU = CD_ROM|Any CPU
		CD_ROM|ARM = CD_ROM|ARM
		CD_ROM|x64 = CD_ROM|x64
		CD_ROM|x86 = CD_ROM|x86
		Debug|Any CPU = Debug|Any CPU
		Debug|ARM = Debug|ARM
		Debug|x64 = Debug|x64
		Debug|x86 = Debug|x86
		DVD-5|Any CPU = DVD-5|Any CPU
		DVD-5|ARM = DVD-5|ARM
		DVD-5|x64 = DVD-5|x64
		DVD-5|x86 = DVD-5|x86
		Release|Any CPU = Release|Any CPU
		Release|ARM = Release|ARM
		Release|x64 = Release|x64
		Release|x86 = Release|x86
		SingleImage|Any CPU = SingleImage|Any CPU
		SingleImage|ARM = SingleImage|ARM
		SingleImage|x64 = SingleImage|x64
		SingleImage|x86 = SingleImage|x86
	EndGlobalSection
	GlobalSection(ProjectConfigurationPlatforms) = postSolution
		{3A1864D6-3874-4357-A8B6-E8DCB660A70C}.CD_ROM|Any CPU.ActiveCfg = Release|Any CPU
		{3A1864D6-3874-4357-A8B6-E8DCB660A70C}.CD_ROM|Any CPU.Build.0 = Release|Any CPU
		{3A1864D6-3874-4357-A8B6-E8DCB660A70C}.CD_ROM|ARM.ActiveCfg = Release|Any CPU
		{3A1864D6-3874-4357-A8B6-E8DCB660A70C}.CD_ROM|x64.ActiveCfg = Release|Any CPU
		{3A1864D6-3874-4357-A8B6-E8DCB660A70C}.CD_ROM|x86.ActiveCfg = Release|Any CPU
		{3A1864D6-3874-4357-A8B6-E8DCB660A70C}.Debug|Any CPU.ActiveCfg = Debug|Any CPU
		{3A1864D6-3874-4357-A8B6-E8DCB660A70C}.Debug|Any CPU.Build.0 = Debug|Any CPU
		{3A1864D6-3874-4357-A8B6-E8DCB660A70C}.Debug|ARM.ActiveCfg = Debug|Any CPU
		{3A1864D6-3874-4357-A8B6-E8DCB660A70C}.Debug|x64.ActiveCfg = Debug|Any CPU
		{3A1864D6-3874-4357-A8B6-E8DCB660A70C}.Debug|x86.ActiveCfg = Debug|Any CPU
		{3A1864D6-3874-4357-A8B6-E8DCB660A70C}.DVD-5|Any CPU.ActiveCfg = Debug|Any CPU
		{3A1864D6-3874-4357-A8B6-E8DCB660A70C}.DVD-5|Any CPU.Build.0 = Debug|Any CPU
		{3A1864D6-3874-4357-A8B6-E8DCB660A70C}.DVD-5|ARM.ActiveCfg = Debug|Any CPU
		{3A1864D6-3874-4357-A8B6-E8DCB660A70C}.DVD-5|x64.ActiveCfg = Debug|Any CPU
		{3A1864D6-3874-4357-A8B6-E8DCB660A70C}.DVD-5|x86.ActiveCfg = Debug|Any CPU
		{3A1864D6-3874-4357-A8B6-E8DCB660A70C}.Release|Any CPU.ActiveCfg = Release|Any CPU
		{3A1864D6-3874-4357-A8B6-E8DCB660A70C}.Release|Any CPU.Build.0 = Release|Any CPU
		{3A1864D6-3874-4357-A8B6-E8DCB660A70C}.Release|ARM.ActiveCfg = Release|Any CPU
		{3A1864D6-3874-4357-A8B6-E8DCB660A70C}.Release|x64.ActiveCfg = Release|Any CPU
		{3A1864D6-3874-4357-A8B6-E8DCB660A70C}.Release|x86.ActiveCfg = Release|Any CPU
		{3A1864D6-3874-4357-A8B6-E8DCB660A70C}.SingleImage|Any CPU.ActiveCfg = Release|Any CPU
		{3A1864D6-3874-4357-A8B6-E8DCB660A70C}.SingleImage|Any CPU.Build.0 = Release|Any CPU
		{3A1864D6-3874-4357-A8B6-E8DCB660A70C}.SingleImage|ARM.ActiveCfg = Release|Any CPU
		{3A1864D6-3874-4357-A8B6-E8DCB660A70C}.SingleImage|x64.ActiveCfg = Release|Any CPU
		{3A1864D6-3874-4357-A8B6-E8DCB660A70C}.SingleImage|x86.ActiveCfg = Release|Any CPU
		{B156EC49-3D61-4F47-A657-25029DC7B99D}.CD_ROM|Any CPU.ActiveCfg = Release|Any CPU
		{B156EC49-3D61-4F47-A657-25029DC7B99D}.CD_ROM|Any CPU.Build.0 = Release|Any CPU
		{B156EC49-3D61-4F47-A657-25029DC7B99D}.CD_ROM|ARM.ActiveCfg = Release|Any CPU
		{B156EC49-3D61-4F47-A657-25029DC7B99D}.CD_ROM|x64.ActiveCfg = Release|Any CPU
		{B156EC49-3D61-4F47-A657-25029DC7B99D}.CD_ROM|x86.ActiveCfg = Release|Any CPU
		{B156EC49-3D61-4F47-A657-25029DC7B99D}.Debug|Any CPU.ActiveCfg = Debug|Any CPU
		{B156EC49-3D61-4F47-A657-25029DC7B99D}.Debug|Any CPU.Build.0 = Debug|Any CPU
		{B156EC49-3D61-4F47-A657-25029DC7B99D}.Debug|ARM.ActiveCfg = Debug|Any CPU
		{B156EC49-3D61-4F47-A657-25029DC7B99D}.Debug|x64.ActiveCfg = Debug|Any CPU
		{B156EC49-3D61-4F47-A657-25029DC7B99D}.Debug|x86.ActiveCfg = Debug|Any CPU
		{B156EC49-3D61-4F47-A657-25029DC7B99D}.DVD-5|Any CPU.ActiveCfg = Debug|Any CPU
		{B156EC49-3D61-4F47-A657-25029DC7B99D}.DVD-5|Any CPU.Build.0 = Debug|Any CPU
		{B156EC49-3D61-4F47-A657-25029DC7B99D}.DVD-5|ARM.ActiveCfg = Debug|Any CPU
		{B156EC49-3D61-4F47-A657-25029DC7B99D}.DVD-5|x64.ActiveCfg = Debug|Any CPU
		{B156EC49-3D61-4F47-A657-25029DC7B99D}.DVD-5|x86.ActiveCfg = Debug|Any CPU
		{B156EC49-3D61-4F47-A657-25029DC7B99D}.Release|Any CPU.ActiveCfg = Release|Any CPU
		{B156EC49-3D61-4F47-A657-25029DC7B99D}.Release|Any CPU.Build.0 = Release|Any CPU
		{B156EC49-3D61-4F47-A657-25029DC7B99D}.Release|ARM.ActiveCfg = Release|Any CPU
		{B156EC49-3D61-4F47-A657-25029DC7B99D}.Release|x64.ActiveCfg = Release|Any CPU
		{B156EC49-3D61-4F47-A657-25029DC7B99D}.Release|x86.ActiveCfg = Release|Any CPU
		{B156EC49-3D61-4F47-A657-25029DC7B99D}.SingleImage|Any CPU.ActiveCfg = Release|Any CPU
		{B156EC49-3D61-4F47-A657-25029DC7B99D}.SingleImage|Any CPU.Build.0 = Release|Any CPU
		{B156EC49-3D61-4F47-A657-25029DC7B99D}.SingleImage|ARM.ActiveCfg = Release|Any CPU
		{B156EC49-3D61-4F47-A657-25029DC7B99D}.SingleImage|x64.ActiveCfg = Release|Any CPU
		{B156EC49-3D61-4F47-A657-25029DC7B99D}.SingleImage|x86.ActiveCfg = Release|Any CPU
		{065387BA-D124-4CF2-929C-471C41B6EECF}.CD_ROM|Any CPU.ActiveCfg = Release|Any CPU
		{065387BA-D124-4CF2-929C-471C41B6EECF}.CD_ROM|Any CPU.Build.0 = Release|Any CPU
		{065387BA-D124-4CF2-929C-471C41B6EECF}.CD_ROM|ARM.ActiveCfg = Release|Any CPU
		{065387BA-D124-4CF2-929C-471C41B6EECF}.CD_ROM|x64.ActiveCfg = Release|Any CPU
		{065387BA-D124-4CF2-929C-471C41B6EECF}.CD_ROM|x86.ActiveCfg = Release|Any CPU
		{065387BA-D124-4CF2-929C-471C41B6EECF}.Debug|Any CPU.ActiveCfg = Debug|Any CPU
		{065387BA-D124-4CF2-929C-471C41B6EECF}.Debug|Any CPU.Build.0 = Debug|Any CPU
		{065387BA-D124-4CF2-929C-471C41B6EECF}.Debug|ARM.ActiveCfg = Debug|Any CPU
		{065387BA-D124-4CF2-929C-471C41B6EECF}.Debug|x64.ActiveCfg = Debug|Any CPU
		{065387BA-D124-4CF2-929C-471C41B6EECF}.Debug|x86.ActiveCfg = Debug|Any CPU
		{065387BA-D124-4CF2-929C-471C41B6EECF}.DVD-5|Any CPU.ActiveCfg = Debug|Any CPU
		{065387BA-D124-4CF2-929C-471C41B6EECF}.DVD-5|Any CPU.Build.0 = Debug|Any CPU
		{065387BA-D124-4CF2-929C-471C41B6EECF}.DVD-5|ARM.ActiveCfg = Debug|Any CPU
		{065387BA-D124-4CF2-929C-471C41B6EECF}.DVD-5|x64.ActiveCfg = Debug|Any CPU
		{065387BA-D124-4CF2-929C-471C41B6EECF}.DVD-5|x86.ActiveCfg = Debug|Any CPU
		{065387BA-D124-4CF2-929C-471C41B6EECF}.Release|Any CPU.ActiveCfg = Release|Any CPU
		{065387BA-D124-4CF2-929C-471C41B6EECF}.Release|Any CPU.Build.0 = Release|Any CPU
		{065387BA-D124-4CF2-929C-471C41B6EECF}.Release|ARM.ActiveCfg = Release|Any CPU
		{065387BA-D124-4CF2-929C-471C41B6EECF}.Release|x64.ActiveCfg = Release|Any CPU
		{065387BA-D124-4CF2-929C-471C41B6EECF}.Release|x86.ActiveCfg = Release|Any CPU
		{065387BA-D124-4CF2-929C-471C41B6EECF}.SingleImage|Any CPU.ActiveCfg = Release|Any CPU
		{065387BA-D124-4CF2-929C-471C41B6EECF}.SingleImage|Any CPU.Build.0 = Release|Any CPU
		{065387BA-D124-4CF2-929C-471C41B6EECF}.SingleImage|ARM.ActiveCfg = Release|Any CPU
		{065387BA-D124-4CF2-929C-471C41B6EECF}.SingleImage|x64.ActiveCfg = Release|Any CPU
		{065387BA-D124-4CF2-929C-471C41B6EECF}.SingleImage|x86.ActiveCfg = Release|Any CPU
		{9C444727-01EF-4C61-BEC2-C043B895575A}.CD_ROM|Any CPU.ActiveCfg = Release|Any CPU
		{9C444727-01EF-4C61-BEC2-C043B895575A}.CD_ROM|Any CPU.Build.0 = Release|Any CPU
		{9C444727-01EF-4C61-BEC2-C043B895575A}.CD_ROM|ARM.ActiveCfg = Release|Any CPU
		{9C444727-01EF-4C61-BEC2-C043B895575A}.CD_ROM|x64.ActiveCfg = Release|Any CPU
		{9C444727-01EF-4C61-BEC2-C043B895575A}.CD_ROM|x86.ActiveCfg = Release|Any CPU
		{9C444727-01EF-4C61-BEC2-C043B895575A}.Debug|Any CPU.ActiveCfg = Debug|Any CPU
		{9C444727-01EF-4C61-BEC2-C043B895575A}.Debug|Any CPU.Build.0 = Debug|Any CPU
		{9C444727-01EF-4C61-BEC2-C043B895575A}.Debug|ARM.ActiveCfg = Debug|Any CPU
		{9C444727-01EF-4C61-BEC2-C043B895575A}.Debug|x64.ActiveCfg = Debug|Any CPU
		{9C444727-01EF-4C61-BEC2-C043B895575A}.Debug|x86.ActiveCfg = Debug|Any CPU
		{9C444727-01EF-4C61-BEC2-C043B895575A}.DVD-5|Any CPU.ActiveCfg = Debug|Any CPU
		{9C444727-01EF-4C61-BEC2-C043B895575A}.DVD-5|Any CPU.Build.0 = Debug|Any CPU
		{9C444727-01EF-4C61-BEC2-C043B895575A}.DVD-5|ARM.ActiveCfg = Debug|Any CPU
		{9C444727-01EF-4C61-BEC2-C043B895575A}.DVD-5|x64.ActiveCfg = Debug|Any CPU
		{9C444727-01EF-4C61-BEC2-C043B895575A}.DVD-5|x86.ActiveCfg = Debug|Any CPU
		{9C444727-01EF-4C61-BEC2-C043B895575A}.Release|Any CPU.ActiveCfg = Release|Any CPU
		{9C444727-01EF-4C61-BEC2-C043B895575A}.Release|Any CPU.Build.0 = Release|Any CPU
		{9C444727-01EF-4C61-BEC2-C043B895575A}.Release|ARM.ActiveCfg = Release|Any CPU
		{9C444727-01EF-4C61-BEC2-C043B895575A}.Release|x64.ActiveCfg = Release|Any CPU
		{9C444727-01EF-4C61-BEC2-C043B895575A}.Release|x86.ActiveCfg = Release|Any CPU
		{9C444727-01EF-4C61-BEC2-C043B895575A}.SingleImage|Any CPU.ActiveCfg = Release|Any CPU
		{9C444727-01EF-4C61-BEC2-C043B895575A}.SingleImage|Any CPU.Build.0 = Release|Any CPU
		{9C444727-01EF-4C61-BEC2-C043B895575A}.SingleImage|ARM.ActiveCfg = Release|Any CPU
		{9C444727-01EF-4C61-BEC2-C043B895575A}.SingleImage|x64.ActiveCfg = Release|Any CPU
		{9C444727-01EF-4C61-BEC2-C043B895575A}.SingleImage|x86.ActiveCfg = Release|Any CPU
		{7128460F-C8FB-45E5-9CC5-D8286CCE5B0C}.CD_ROM|Any CPU.ActiveCfg = Release|Any CPU
		{7128460F-C8FB-45E5-9CC5-D8286CCE5B0C}.CD_ROM|Any CPU.Build.0 = Release|Any CPU
		{7128460F-C8FB-45E5-9CC5-D8286CCE5B0C}.CD_ROM|ARM.ActiveCfg = Release|Any CPU
		{7128460F-C8FB-45E5-9CC5-D8286CCE5B0C}.CD_ROM|x64.ActiveCfg = Release|Any CPU
		{7128460F-C8FB-45E5-9CC5-D8286CCE5B0C}.CD_ROM|x86.ActiveCfg = Release|Any CPU
		{7128460F-C8FB-45E5-9CC5-D8286CCE5B0C}.Debug|Any CPU.ActiveCfg = Debug|Any CPU
		{7128460F-C8FB-45E5-9CC5-D8286CCE5B0C}.Debug|Any CPU.Build.0 = Debug|Any CPU
		{7128460F-C8FB-45E5-9CC5-D8286CCE5B0C}.Debug|ARM.ActiveCfg = Debug|Any CPU
		{7128460F-C8FB-45E5-9CC5-D8286CCE5B0C}.Debug|x64.ActiveCfg = Debug|Any CPU
		{7128460F-C8FB-45E5-9CC5-D8286CCE5B0C}.Debug|x86.ActiveCfg = Debug|Any CPU
		{7128460F-C8FB-45E5-9CC5-D8286CCE5B0C}.DVD-5|Any CPU.ActiveCfg = Debug|Any CPU
		{7128460F-C8FB-45E5-9CC5-D8286CCE5B0C}.DVD-5|Any CPU.Build.0 = Debug|Any CPU
		{7128460F-C8FB-45E5-9CC5-D8286CCE5B0C}.DVD-5|ARM.ActiveCfg = Debug|Any CPU
		{7128460F-C8FB-45E5-9CC5-D8286CCE5B0C}.DVD-5|x64.ActiveCfg = Debug|Any CPU
		{7128460F-C8FB-45E5-9CC5-D8286CCE5B0C}.DVD-5|x86.ActiveCfg = Debug|Any CPU
		{7128460F-C8FB-45E5-9CC5-D8286CCE5B0C}.Release|Any CPU.ActiveCfg = Release|Any CPU
		{7128460F-C8FB-45E5-9CC5-D8286CCE5B0C}.Release|Any CPU.Build.0 = Release|Any CPU
		{7128460F-C8FB-45E5-9CC5-D8286CCE5B0C}.Release|ARM.ActiveCfg = Release|Any CPU
		{7128460F-C8FB-45E5-9CC5-D8286CCE5B0C}.Release|x64.ActiveCfg = Release|Any CPU
		{7128460F-C8FB-45E5-9CC5-D8286CCE5B0C}.Release|x86.ActiveCfg = Release|Any CPU
		{7128460F-C8FB-45E5-9CC5-D8286CCE5B0C}.SingleImage|Any CPU.ActiveCfg = Release|Any CPU
		{7128460F-C8FB-45E5-9CC5-D8286CCE5B0C}.SingleImage|Any CPU.Build.0 = Release|Any CPU
		{7128460F-C8FB-45E5-9CC5-D8286CCE5B0C}.SingleImage|ARM.ActiveCfg = Release|Any CPU
		{7128460F-C8FB-45E5-9CC5-D8286CCE5B0C}.SingleImage|x64.ActiveCfg = Release|Any CPU
		{7128460F-C8FB-45E5-9CC5-D8286CCE5B0C}.SingleImage|x86.ActiveCfg = Release|Any CPU
		{18494D8C-27A1-4CB7-AFC8-12C370055AEC}.CD_ROM|Any CPU.ActiveCfg = Release|Any CPU
		{18494D8C-27A1-4CB7-AFC8-12C370055AEC}.CD_ROM|Any CPU.Build.0 = Release|Any CPU
		{18494D8C-27A1-4CB7-AFC8-12C370055AEC}.CD_ROM|ARM.ActiveCfg = Release|Any CPU
		{18494D8C-27A1-4CB7-AFC8-12C370055AEC}.CD_ROM|x64.ActiveCfg = Release|Any CPU
		{18494D8C-27A1-4CB7-AFC8-12C370055AEC}.CD_ROM|x86.ActiveCfg = Release|Any CPU
		{18494D8C-27A1-4CB7-AFC8-12C370055AEC}.Debug|Any CPU.ActiveCfg = Debug|Any CPU
		{18494D8C-27A1-4CB7-AFC8-12C370055AEC}.Debug|Any CPU.Build.0 = Debug|Any CPU
		{18494D8C-27A1-4CB7-AFC8-12C370055AEC}.Debug|ARM.ActiveCfg = Debug|Any CPU
		{18494D8C-27A1-4CB7-AFC8-12C370055AEC}.Debug|x64.ActiveCfg = Debug|Any CPU
		{18494D8C-27A1-4CB7-AFC8-12C370055AEC}.Debug|x86.ActiveCfg = Debug|Any CPU
		{18494D8C-27A1-4CB7-AFC8-12C370055AEC}.DVD-5|Any CPU.ActiveCfg = Debug|Any CPU
		{18494D8C-27A1-4CB7-AFC8-12C370055AEC}.DVD-5|Any CPU.Build.0 = Debug|Any CPU
		{18494D8C-27A1-4CB7-AFC8-12C370055AEC}.DVD-5|ARM.ActiveCfg = Debug|Any CPU
		{18494D8C-27A1-4CB7-AFC8-12C370055AEC}.DVD-5|x64.ActiveCfg = Debug|Any CPU
		{18494D8C-27A1-4CB7-AFC8-12C370055AEC}.DVD-5|x86.ActiveCfg = Debug|Any CPU
		{18494D8C-27A1-4CB7-AFC8-12C370055AEC}.Release|Any CPU.ActiveCfg = Release|Any CPU
		{18494D8C-27A1-4CB7-AFC8-12C370055AEC}.Release|Any CPU.Build.0 = Release|Any CPU
		{18494D8C-27A1-4CB7-AFC8-12C370055AEC}.Release|ARM.ActiveCfg = Release|Any CPU
		{18494D8C-27A1-4CB7-AFC8-12C370055AEC}.Release|x64.ActiveCfg = Release|Any CPU
		{18494D8C-27A1-4CB7-AFC8-12C370055AEC}.Release|x86.ActiveCfg = Release|Any CPU
		{18494D8C-27A1-4CB7-AFC8-12C370055AEC}.SingleImage|Any CPU.ActiveCfg = Release|Any CPU
		{18494D8C-27A1-4CB7-AFC8-12C370055AEC}.SingleImage|Any CPU.Build.0 = Release|Any CPU
		{18494D8C-27A1-4CB7-AFC8-12C370055AEC}.SingleImage|ARM.ActiveCfg = Release|Any CPU
		{18494D8C-27A1-4CB7-AFC8-12C370055AEC}.SingleImage|x64.ActiveCfg = Release|Any CPU
		{18494D8C-27A1-4CB7-AFC8-12C370055AEC}.SingleImage|x86.ActiveCfg = Release|Any CPU
		{6C059E7E-EDD1-4DB4-A8C8-33C08245DEB8}.CD_ROM|Any CPU.ActiveCfg = Release|Any CPU
		{6C059E7E-EDD1-4DB4-A8C8-33C08245DEB8}.CD_ROM|Any CPU.Build.0 = Release|Any CPU
		{6C059E7E-EDD1-4DB4-A8C8-33C08245DEB8}.CD_ROM|ARM.ActiveCfg = Release|Any CPU
		{6C059E7E-EDD1-4DB4-A8C8-33C08245DEB8}.CD_ROM|x64.ActiveCfg = Release|Any CPU
		{6C059E7E-EDD1-4DB4-A8C8-33C08245DEB8}.CD_ROM|x86.ActiveCfg = Release|Any CPU
		{6C059E7E-EDD1-4DB4-A8C8-33C08245DEB8}.Debug|Any CPU.ActiveCfg = Debug|Any CPU
		{6C059E7E-EDD1-4DB4-A8C8-33C08245DEB8}.Debug|Any CPU.Build.0 = Debug|Any CPU
		{6C059E7E-EDD1-4DB4-A8C8-33C08245DEB8}.Debug|ARM.ActiveCfg = Debug|Any CPU
		{6C059E7E-EDD1-4DB4-A8C8-33C08245DEB8}.Debug|x64.ActiveCfg = Debug|Any CPU
		{6C059E7E-EDD1-4DB4-A8C8-33C08245DEB8}.Debug|x86.ActiveCfg = Debug|Any CPU
		{6C059E7E-EDD1-4DB4-A8C8-33C08245DEB8}.DVD-5|Any CPU.ActiveCfg = Debug|Any CPU
		{6C059E7E-EDD1-4DB4-A8C8-33C08245DEB8}.DVD-5|Any CPU.Build.0 = Debug|Any CPU
		{6C059E7E-EDD1-4DB4-A8C8-33C08245DEB8}.DVD-5|ARM.ActiveCfg = Debug|Any CPU
		{6C059E7E-EDD1-4DB4-A8C8-33C08245DEB8}.DVD-5|x64.ActiveCfg = Debug|Any CPU
		{6C059E7E-EDD1-4DB4-A8C8-33C08245DEB8}.DVD-5|x86.ActiveCfg = Debug|Any CPU
		{6C059E7E-EDD1-4DB4-A8C8-33C08245DEB8}.Release|Any CPU.ActiveCfg = Release|Any CPU
		{6C059E7E-EDD1-4DB4-A8C8-33C08245DEB8}.Release|Any CPU.Build.0 = Release|Any CPU
		{6C059E7E-EDD1-4DB4-A8C8-33C08245DEB8}.Release|ARM.ActiveCfg = Release|Any CPU
		{6C059E7E-EDD1-4DB4-A8C8-33C08245DEB8}.Release|x64.ActiveCfg = Release|Any CPU
		{6C059E7E-EDD1-4DB4-A8C8-33C08245DEB8}.Release|x86.ActiveCfg = Release|Any CPU
		{6C059E7E-EDD1-4DB4-A8C8-33C08245DEB8}.SingleImage|Any CPU.ActiveCfg = Release|Any CPU
		{6C059E7E-EDD1-4DB4-A8C8-33C08245DEB8}.SingleImage|Any CPU.Build.0 = Release|Any CPU
		{6C059E7E-EDD1-4DB4-A8C8-33C08245DEB8}.SingleImage|ARM.ActiveCfg = Release|Any CPU
		{6C059E7E-EDD1-4DB4-A8C8-33C08245DEB8}.SingleImage|x64.ActiveCfg = Release|Any CPU
		{6C059E7E-EDD1-4DB4-A8C8-33C08245DEB8}.SingleImage|x86.ActiveCfg = Release|Any CPU
		{33B1E5B9-B525-4A06-8907-D3E1543CA2F4}.CD_ROM|Any CPU.ActiveCfg = Release|Any CPU
		{33B1E5B9-B525-4A06-8907-D3E1543CA2F4}.CD_ROM|Any CPU.Build.0 = Release|Any CPU
		{33B1E5B9-B525-4A06-8907-D3E1543CA2F4}.CD_ROM|ARM.ActiveCfg = Release|Any CPU
		{33B1E5B9-B525-4A06-8907-D3E1543CA2F4}.CD_ROM|x64.ActiveCfg = Release|Any CPU
		{33B1E5B9-B525-4A06-8907-D3E1543CA2F4}.CD_ROM|x86.ActiveCfg = Release|Any CPU
		{33B1E5B9-B525-4A06-8907-D3E1543CA2F4}.Debug|Any CPU.ActiveCfg = Debug|Any CPU
		{33B1E5B9-B525-4A06-8907-D3E1543CA2F4}.Debug|Any CPU.Build.0 = Debug|Any CPU
		{33B1E5B9-B525-4A06-8907-D3E1543CA2F4}.Debug|ARM.ActiveCfg = Debug|Any CPU
		{33B1E5B9-B525-4A06-8907-D3E1543CA2F4}.Debug|x64.ActiveCfg = Debug|Any CPU
		{33B1E5B9-B525-4A06-8907-D3E1543CA2F4}.Debug|x86.ActiveCfg = Debug|Any CPU
		{33B1E5B9-B525-4A06-8907-D3E1543CA2F4}.DVD-5|Any CPU.ActiveCfg = Debug|Any CPU
		{33B1E5B9-B525-4A06-8907-D3E1543CA2F4}.DVD-5|Any CPU.Build.0 = Debug|Any CPU
		{33B1E5B9-B525-4A06-8907-D3E1543CA2F4}.DVD-5|ARM.ActiveCfg = Debug|Any CPU
		{33B1E5B9-B525-4A06-8907-D3E1543CA2F4}.DVD-5|x64.ActiveCfg = Debug|Any CPU
		{33B1E5B9-B525-4A06-8907-D3E1543CA2F4}.DVD-5|x86.ActiveCfg = Debug|Any CPU
		{33B1E5B9-B525-4A06-8907-D3E1543CA2F4}.Release|Any CPU.ActiveCfg = Release|Any CPU
		{33B1E5B9-B525-4A06-8907-D3E1543CA2F4}.Release|Any CPU.Build.0 = Release|Any CPU
		{33B1E5B9-B525-4A06-8907-D3E1543CA2F4}.Release|ARM.ActiveCfg = Release|Any CPU
		{33B1E5B9-B525-4A06-8907-D3E1543CA2F4}.Release|x64.ActiveCfg = Release|Any CPU
		{33B1E5B9-B525-4A06-8907-D3E1543CA2F4}.Release|x86.ActiveCfg = Release|Any CPU
		{33B1E5B9-B525-4A06-8907-D3E1543CA2F4}.SingleImage|Any CPU.ActiveCfg = Release|Any CPU
		{33B1E5B9-B525-4A06-8907-D3E1543CA2F4}.SingleImage|Any CPU.Build.0 = Release|Any CPU
		{33B1E5B9-B525-4A06-8907-D3E1543CA2F4}.SingleImage|ARM.ActiveCfg = Release|Any CPU
		{33B1E5B9-B525-4A06-8907-D3E1543CA2F4}.SingleImage|x64.ActiveCfg = Release|Any CPU
		{33B1E5B9-B525-4A06-8907-D3E1543CA2F4}.SingleImage|x86.ActiveCfg = Release|Any CPU
		{784DECD8-8B6A-4A02-A2B1-A16A9B94E0F0}.CD_ROM|Any CPU.ActiveCfg = Release|Any CPU
		{784DECD8-8B6A-4A02-A2B1-A16A9B94E0F0}.CD_ROM|Any CPU.Build.0 = Release|Any CPU
		{784DECD8-8B6A-4A02-A2B1-A16A9B94E0F0}.CD_ROM|ARM.ActiveCfg = Release|Any CPU
		{784DECD8-8B6A-4A02-A2B1-A16A9B94E0F0}.CD_ROM|x64.ActiveCfg = Release|Any CPU
		{784DECD8-8B6A-4A02-A2B1-A16A9B94E0F0}.CD_ROM|x86.ActiveCfg = Release|Any CPU
		{784DECD8-8B6A-4A02-A2B1-A16A9B94E0F0}.Debug|Any CPU.ActiveCfg = Debug|Any CPU
		{784DECD8-8B6A-4A02-A2B1-A16A9B94E0F0}.Debug|Any CPU.Build.0 = Debug|Any CPU
		{784DECD8-8B6A-4A02-A2B1-A16A9B94E0F0}.Debug|ARM.ActiveCfg = Debug|Any CPU
		{784DECD8-8B6A-4A02-A2B1-A16A9B94E0F0}.Debug|x64.ActiveCfg = Debug|Any CPU
		{784DECD8-8B6A-4A02-A2B1-A16A9B94E0F0}.Debug|x86.ActiveCfg = Debug|Any CPU
		{784DECD8-8B6A-4A02-A2B1-A16A9B94E0F0}.DVD-5|Any CPU.ActiveCfg = Debug|Any CPU
		{784DECD8-8B6A-4A02-A2B1-A16A9B94E0F0}.DVD-5|Any CPU.Build.0 = Debug|Any CPU
		{784DECD8-8B6A-4A02-A2B1-A16A9B94E0F0}.DVD-5|ARM.ActiveCfg = Debug|Any CPU
		{784DECD8-8B6A-4A02-A2B1-A16A9B94E0F0}.DVD-5|x64.ActiveCfg = Debug|Any CPU
		{784DECD8-8B6A-4A02-A2B1-A16A9B94E0F0}.DVD-5|x86.ActiveCfg = Debug|Any CPU
		{784DECD8-8B6A-4A02-A2B1-A16A9B94E0F0}.Release|Any CPU.ActiveCfg = Release|Any CPU
		{784DECD8-8B6A-4A02-A2B1-A16A9B94E0F0}.Release|Any CPU.Build.0 = Release|Any CPU
		{784DECD8-8B6A-4A02-A2B1-A16A9B94E0F0}.Release|ARM.ActiveCfg = Release|Any CPU
		{784DECD8-8B6A-4A02-A2B1-A16A9B94E0F0}.Release|x64.ActiveCfg = Release|Any CPU
		{784DECD8-8B6A-4A02-A2B1-A16A9B94E0F0}.Release|x86.ActiveCfg = Release|Any CPU
		{784DECD8-8B6A-4A02-A2B1-A16A9B94E0F0}.SingleImage|Any CPU.ActiveCfg = Release|Any CPU
		{784DECD8-8B6A-4A02-A2B1-A16A9B94E0F0}.SingleImage|Any CPU.Build.0 = Release|Any CPU
		{784DECD8-8B6A-4A02-A2B1-A16A9B94E0F0}.SingleImage|ARM.ActiveCfg = Release|Any CPU
		{784DECD8-8B6A-4A02-A2B1-A16A9B94E0F0}.SingleImage|x64.ActiveCfg = Release|Any CPU
		{784DECD8-8B6A-4A02-A2B1-A16A9B94E0F0}.SingleImage|x86.ActiveCfg = Release|Any CPU
		{C85FAF6C-20A3-4B13-9499-F23F3A918776}.CD_ROM|Any CPU.ActiveCfg = Release|Any CPU
		{C85FAF6C-20A3-4B13-9499-F23F3A918776}.CD_ROM|Any CPU.Build.0 = Release|Any CPU
		{C85FAF6C-20A3-4B13-9499-F23F3A918776}.CD_ROM|ARM.ActiveCfg = Release|Any CPU
		{C85FAF6C-20A3-4B13-9499-F23F3A918776}.CD_ROM|x64.ActiveCfg = Release|Any CPU
		{C85FAF6C-20A3-4B13-9499-F23F3A918776}.CD_ROM|x86.ActiveCfg = Release|Any CPU
		{C85FAF6C-20A3-4B13-9499-F23F3A918776}.Debug|Any CPU.ActiveCfg = Debug|Any CPU
		{C85FAF6C-20A3-4B13-9499-F23F3A918776}.Debug|Any CPU.Build.0 = Debug|Any CPU
		{C85FAF6C-20A3-4B13-9499-F23F3A918776}.Debug|ARM.ActiveCfg = Debug|Any CPU
		{C85FAF6C-20A3-4B13-9499-F23F3A918776}.Debug|x64.ActiveCfg = Debug|Any CPU
		{C85FAF6C-20A3-4B13-9499-F23F3A918776}.Debug|x86.ActiveCfg = Debug|Any CPU
		{C85FAF6C-20A3-4B13-9499-F23F3A918776}.DVD-5|Any CPU.ActiveCfg = Debug|Any CPU
		{C85FAF6C-20A3-4B13-9499-F23F3A918776}.DVD-5|Any CPU.Build.0 = Debug|Any CPU
		{C85FAF6C-20A3-4B13-9499-F23F3A918776}.DVD-5|ARM.ActiveCfg = Debug|Any CPU
		{C85FAF6C-20A3-4B13-9499-F23F3A918776}.DVD-5|x64.ActiveCfg = Debug|Any CPU
		{C85FAF6C-20A3-4B13-9499-F23F3A918776}.DVD-5|x86.ActiveCfg = Debug|Any CPU
		{C85FAF6C-20A3-4B13-9499-F23F3A918776}.Release|Any CPU.ActiveCfg = Release|Any CPU
		{C85FAF6C-20A3-4B13-9499-F23F3A918776}.Release|Any CPU.Build.0 = Release|Any CPU
		{C85FAF6C-20A3-4B13-9499-F23F3A918776}.Release|ARM.ActiveCfg = Release|Any CPU
		{C85FAF6C-20A3-4B13-9499-F23F3A918776}.Release|x64.ActiveCfg = Release|Any CPU
		{C85FAF6C-20A3-4B13-9499-F23F3A918776}.Release|x86.ActiveCfg = Release|Any CPU
		{C85FAF6C-20A3-4B13-9499-F23F3A918776}.SingleImage|Any CPU.ActiveCfg = Release|Any CPU
		{C85FAF6C-20A3-4B13-9499-F23F3A918776}.SingleImage|Any CPU.Build.0 = Release|Any CPU
		{C85FAF6C-20A3-4B13-9499-F23F3A918776}.SingleImage|ARM.ActiveCfg = Release|Any CPU
		{C85FAF6C-20A3-4B13-9499-F23F3A918776}.SingleImage|x64.ActiveCfg = Release|Any CPU
		{C85FAF6C-20A3-4B13-9499-F23F3A918776}.SingleImage|x86.ActiveCfg = Release|Any CPU
		{BB428651-2692-4517-8717-58894B7FF04A}.CD_ROM|Any CPU.ActiveCfg = Release|Any CPU
		{BB428651-2692-4517-8717-58894B7FF04A}.CD_ROM|Any CPU.Build.0 = Release|Any CPU
		{BB428651-2692-4517-8717-58894B7FF04A}.CD_ROM|Any CPU.Deploy.0 = Release|Any CPU
		{BB428651-2692-4517-8717-58894B7FF04A}.CD_ROM|ARM.ActiveCfg = Release|Any CPU
		{BB428651-2692-4517-8717-58894B7FF04A}.CD_ROM|x64.ActiveCfg = Release|Any CPU
		{BB428651-2692-4517-8717-58894B7FF04A}.CD_ROM|x86.ActiveCfg = Release|Any CPU
		{BB428651-2692-4517-8717-58894B7FF04A}.Debug|Any CPU.ActiveCfg = Debug|Any CPU
		{BB428651-2692-4517-8717-58894B7FF04A}.Debug|Any CPU.Build.0 = Debug|Any CPU
		{BB428651-2692-4517-8717-58894B7FF04A}.Debug|Any CPU.Deploy.0 = Debug|Any CPU
		{BB428651-2692-4517-8717-58894B7FF04A}.Debug|ARM.ActiveCfg = Debug|Any CPU
		{BB428651-2692-4517-8717-58894B7FF04A}.Debug|x64.ActiveCfg = Debug|Any CPU
		{BB428651-2692-4517-8717-58894B7FF04A}.Debug|x86.ActiveCfg = Debug|Any CPU
		{BB428651-2692-4517-8717-58894B7FF04A}.DVD-5|Any CPU.ActiveCfg = Debug|Any CPU
		{BB428651-2692-4517-8717-58894B7FF04A}.DVD-5|Any CPU.Build.0 = Debug|Any CPU
		{BB428651-2692-4517-8717-58894B7FF04A}.DVD-5|Any CPU.Deploy.0 = Debug|Any CPU
		{BB428651-2692-4517-8717-58894B7FF04A}.DVD-5|ARM.ActiveCfg = Debug|Any CPU
		{BB428651-2692-4517-8717-58894B7FF04A}.DVD-5|x64.ActiveCfg = Debug|Any CPU
		{BB428651-2692-4517-8717-58894B7FF04A}.DVD-5|x86.ActiveCfg = Debug|Any CPU
		{BB428651-2692-4517-8717-58894B7FF04A}.Release|Any CPU.ActiveCfg = Release|Any CPU
		{BB428651-2692-4517-8717-58894B7FF04A}.Release|Any CPU.Build.0 = Release|Any CPU
		{BB428651-2692-4517-8717-58894B7FF04A}.Release|Any CPU.Deploy.0 = Release|Any CPU
		{BB428651-2692-4517-8717-58894B7FF04A}.Release|ARM.ActiveCfg = Release|Any CPU
		{BB428651-2692-4517-8717-58894B7FF04A}.Release|x64.ActiveCfg = Release|Any CPU
		{BB428651-2692-4517-8717-58894B7FF04A}.Release|x86.ActiveCfg = Release|Any CPU
		{BB428651-2692-4517-8717-58894B7FF04A}.SingleImage|Any CPU.ActiveCfg = Release|Any CPU
		{BB428651-2692-4517-8717-58894B7FF04A}.SingleImage|Any CPU.Build.0 = Release|Any CPU
		{BB428651-2692-4517-8717-58894B7FF04A}.SingleImage|Any CPU.Deploy.0 = Release|Any CPU
		{BB428651-2692-4517-8717-58894B7FF04A}.SingleImage|ARM.ActiveCfg = Release|Any CPU
		{BB428651-2692-4517-8717-58894B7FF04A}.SingleImage|x64.ActiveCfg = Release|Any CPU
		{BB428651-2692-4517-8717-58894B7FF04A}.SingleImage|x86.ActiveCfg = Release|Any CPU
		{0E5874D6-F308-4659-A057-7DDBA4003B22}.CD_ROM|Any CPU.ActiveCfg = Release|Any CPU
		{0E5874D6-F308-4659-A057-7DDBA4003B22}.CD_ROM|Any CPU.Build.0 = Release|Any CPU
		{0E5874D6-F308-4659-A057-7DDBA4003B22}.CD_ROM|ARM.ActiveCfg = Release|Any CPU
		{0E5874D6-F308-4659-A057-7DDBA4003B22}.CD_ROM|x64.ActiveCfg = Release|Any CPU
		{0E5874D6-F308-4659-A057-7DDBA4003B22}.CD_ROM|x86.ActiveCfg = Release|Any CPU
		{0E5874D6-F308-4659-A057-7DDBA4003B22}.Debug|Any CPU.ActiveCfg = Debug|Any CPU
		{0E5874D6-F308-4659-A057-7DDBA4003B22}.Debug|Any CPU.Build.0 = Debug|Any CPU
		{0E5874D6-F308-4659-A057-7DDBA4003B22}.Debug|ARM.ActiveCfg = Debug|Any CPU
		{0E5874D6-F308-4659-A057-7DDBA4003B22}.Debug|x64.ActiveCfg = Debug|Any CPU
		{0E5874D6-F308-4659-A057-7DDBA4003B22}.Debug|x86.ActiveCfg = Debug|Any CPU
		{0E5874D6-F308-4659-A057-7DDBA4003B22}.DVD-5|Any CPU.ActiveCfg = Debug|Any CPU
		{0E5874D6-F308-4659-A057-7DDBA4003B22}.DVD-5|Any CPU.Build.0 = Debug|Any CPU
		{0E5874D6-F308-4659-A057-7DDBA4003B22}.DVD-5|ARM.ActiveCfg = Debug|Any CPU
		{0E5874D6-F308-4659-A057-7DDBA4003B22}.DVD-5|x64.ActiveCfg = Debug|Any CPU
		{0E5874D6-F308-4659-A057-7DDBA4003B22}.DVD-5|x86.ActiveCfg = Debug|Any CPU
		{0E5874D6-F308-4659-A057-7DDBA4003B22}.Release|Any CPU.ActiveCfg = Release|Any CPU
		{0E5874D6-F308-4659-A057-7DDBA4003B22}.Release|Any CPU.Build.0 = Release|Any CPU
		{0E5874D6-F308-4659-A057-7DDBA4003B22}.Release|ARM.ActiveCfg = Release|Any CPU
		{0E5874D6-F308-4659-A057-7DDBA4003B22}.Release|x64.ActiveCfg = Release|Any CPU
		{0E5874D6-F308-4659-A057-7DDBA4003B22}.Release|x86.ActiveCfg = Release|Any CPU
		{0E5874D6-F308-4659-A057-7DDBA4003B22}.SingleImage|Any CPU.ActiveCfg = Release|Any CPU
		{0E5874D6-F308-4659-A057-7DDBA4003B22}.SingleImage|Any CPU.Build.0 = Release|Any CPU
		{0E5874D6-F308-4659-A057-7DDBA4003B22}.SingleImage|ARM.ActiveCfg = Release|Any CPU
		{0E5874D6-F308-4659-A057-7DDBA4003B22}.SingleImage|x64.ActiveCfg = Release|Any CPU
		{0E5874D6-F308-4659-A057-7DDBA4003B22}.SingleImage|x86.ActiveCfg = Release|Any CPU
		{03CC1231-AC74-484A-9864-89985A8C533A}.CD_ROM|Any CPU.ActiveCfg = CD_ROM
		{03CC1231-AC74-484A-9864-89985A8C533A}.CD_ROM|Any CPU.Build.0 = CD_ROM
		{03CC1231-AC74-484A-9864-89985A8C533A}.CD_ROM|ARM.ActiveCfg = CD_ROM
		{03CC1231-AC74-484A-9864-89985A8C533A}.CD_ROM|ARM.Build.0 = CD_ROM
		{03CC1231-AC74-484A-9864-89985A8C533A}.CD_ROM|x64.ActiveCfg = CD_ROM
		{03CC1231-AC74-484A-9864-89985A8C533A}.CD_ROM|x64.Build.0 = CD_ROM
		{03CC1231-AC74-484A-9864-89985A8C533A}.CD_ROM|x86.ActiveCfg = CD_ROM
		{03CC1231-AC74-484A-9864-89985A8C533A}.CD_ROM|x86.Build.0 = CD_ROM
		{03CC1231-AC74-484A-9864-89985A8C533A}.Debug|Any CPU.ActiveCfg = DVD-5
		{03CC1231-AC74-484A-9864-89985A8C533A}.Debug|Any CPU.Build.0 = DVD-5
		{03CC1231-AC74-484A-9864-89985A8C533A}.Debug|ARM.ActiveCfg = DVD-5
		{03CC1231-AC74-484A-9864-89985A8C533A}.Debug|ARM.Build.0 = DVD-5
		{03CC1231-AC74-484A-9864-89985A8C533A}.Debug|x64.ActiveCfg = DVD-5
		{03CC1231-AC74-484A-9864-89985A8C533A}.Debug|x64.Build.0 = DVD-5
		{03CC1231-AC74-484A-9864-89985A8C533A}.Debug|x86.ActiveCfg = DVD-5
		{03CC1231-AC74-484A-9864-89985A8C533A}.Debug|x86.Build.0 = DVD-5
		{03CC1231-AC74-484A-9864-89985A8C533A}.DVD-5|Any CPU.ActiveCfg = DVD-5
		{03CC1231-AC74-484A-9864-89985A8C533A}.DVD-5|Any CPU.Build.0 = DVD-5
		{03CC1231-AC74-484A-9864-89985A8C533A}.DVD-5|ARM.ActiveCfg = DVD-5
		{03CC1231-AC74-484A-9864-89985A8C533A}.DVD-5|ARM.Build.0 = DVD-5
		{03CC1231-AC74-484A-9864-89985A8C533A}.DVD-5|x64.ActiveCfg = DVD-5
		{03CC1231-AC74-484A-9864-89985A8C533A}.DVD-5|x64.Build.0 = DVD-5
		{03CC1231-AC74-484A-9864-89985A8C533A}.DVD-5|x86.ActiveCfg = DVD-5
		{03CC1231-AC74-484A-9864-89985A8C533A}.DVD-5|x86.Build.0 = DVD-5
		{03CC1231-AC74-484A-9864-89985A8C533A}.Release|Any CPU.ActiveCfg = SingleImage
		{03CC1231-AC74-484A-9864-89985A8C533A}.Release|Any CPU.Build.0 = SingleImage
		{03CC1231-AC74-484A-9864-89985A8C533A}.Release|ARM.ActiveCfg = SingleImage
		{03CC1231-AC74-484A-9864-89985A8C533A}.Release|ARM.Build.0 = SingleImage
		{03CC1231-AC74-484A-9864-89985A8C533A}.Release|x64.ActiveCfg = SingleImage
		{03CC1231-AC74-484A-9864-89985A8C533A}.Release|x64.Build.0 = SingleImage
		{03CC1231-AC74-484A-9864-89985A8C533A}.Release|x86.ActiveCfg = SingleImage
		{03CC1231-AC74-484A-9864-89985A8C533A}.Release|x86.Build.0 = SingleImage
		{03CC1231-AC74-484A-9864-89985A8C533A}.SingleImage|Any CPU.ActiveCfg = SingleImage
		{03CC1231-AC74-484A-9864-89985A8C533A}.SingleImage|Any CPU.Build.0 = SingleImage
		{03CC1231-AC74-484A-9864-89985A8C533A}.SingleImage|ARM.ActiveCfg = SingleImage
		{03CC1231-AC74-484A-9864-89985A8C533A}.SingleImage|ARM.Build.0 = SingleImage
		{03CC1231-AC74-484A-9864-89985A8C533A}.SingleImage|x64.ActiveCfg = SingleImage
		{03CC1231-AC74-484A-9864-89985A8C533A}.SingleImage|x64.Build.0 = SingleImage
		{03CC1231-AC74-484A-9864-89985A8C533A}.SingleImage|x86.ActiveCfg = SingleImage
		{03CC1231-AC74-484A-9864-89985A8C533A}.SingleImage|x86.Build.0 = SingleImage
	EndGlobalSection
	GlobalSection(SolutionProperties) = preSolution
		HideSolutionNode = FALSE
	EndGlobalSection
	GlobalSection(NestedProjects) = preSolution
		{3A1864D6-3874-4357-A8B6-E8DCB660A70C} = {273DBC95-8504-429A-A900-9A5679CFF9A3}
		{B156EC49-3D61-4F47-A657-25029DC7B99D} = {181A509A-28BA-471C-B2AA-89525D69A262}
		{065387BA-D124-4CF2-929C-471C41B6EECF} = {622B6F29-78D0-4197-98E6-AFC214DD141D}
		{9C444727-01EF-4C61-BEC2-C043B895575A} = {273DBC95-8504-429A-A900-9A5679CFF9A3}
		{7128460F-C8FB-45E5-9CC5-D8286CCE5B0C} = {273DBC95-8504-429A-A900-9A5679CFF9A3}
		{18494D8C-27A1-4CB7-AFC8-12C370055AEC} = {F4E42404-B3A2-4B62-94AF-3F2F89F2F112}
		{6C059E7E-EDD1-4DB4-A8C8-33C08245DEB8} = {622B6F29-78D0-4197-98E6-AFC214DD141D}
		{33B1E5B9-B525-4A06-8907-D3E1543CA2F4} = {622B6F29-78D0-4197-98E6-AFC214DD141D}
		{784DECD8-8B6A-4A02-A2B1-A16A9B94E0F0} = {F4E42404-B3A2-4B62-94AF-3F2F89F2F112}
		{C85FAF6C-20A3-4B13-9499-F23F3A918776} = {273DBC95-8504-429A-A900-9A5679CFF9A3}
		{BB428651-2692-4517-8717-58894B7FF04A} = {181A509A-28BA-471C-B2AA-89525D69A262}
		{0E5874D6-F308-4659-A057-7DDBA4003B22} = {273DBC95-8504-429A-A900-9A5679CFF9A3}
		{03CC1231-AC74-484A-9864-89985A8C533A} = {5AC3FB15-1535-4401-A282-1D7B5F200840}
	EndGlobalSection
EndGlobal
